
Microsoft Visual Studio Solution File, Format Version 12.00
# Visual Studio Version 17
VisualStudioVersion = 17.9.34407.89
MinimumVisualStudioVersion = 10.0.40219.1
Project("{FAE04EC0-301F-11D3-BF4B-00C04F79EFBC}") = "ASP.NET Tenant URI", "ASP.NET Tenant URI\ASP.NET Tenant URI.csproj", "{B0825457-8697-41C2-BD9F-D5CC6A64E575}"
EndProject
Project("{FAE04EC0-301F-11D3-BF4B-00C04F79EFBC}") = "ASP.NET Tenant URI.Client", "ASP.NET Tenant URI.Client\ASP.NET Tenant URI.Client.csproj", "{D5510AF6-E27F-4665-A685-25904B863FE1}"
EndProject
Global
	GlobalSection(SolutionConfigurationPlatforms) = preSolution
		Debug|Any CPU = Debug|Any CPU
		Release|Any CPU = Release|Any CPU
	EndGlobalSection
	GlobalSection(ProjectConfigurationPlatforms) = postSolution
		{B0825457-8697-41C2-BD9F-D5CC6A64E575}.Debug|Any CPU.ActiveCfg = Debug|Any CPU
		{B0825457-8697-41C2-BD9F-D5CC6A64E575}.Debug|Any CPU.Build.0 = Debug|Any CPU
		{B0825457-8697-41C2-BD9F-D5CC6A64E575}.Release|Any CPU.ActiveCfg = Release|Any CPU
		{B0825457-8697-41C2-BD9F-D5CC6A64E575}.Release|Any CPU.Build.0 = Release|Any CPU
		{D5510AF6-E27F-4665-A685-25904B863FE1}.Debug|Any CPU.ActiveCfg = Debug|Any CPU
		{D5510AF6-E27F-4665-A685-25904B863FE1}.Debug|Any CPU.Build.0 = Debug|Any CPU
		{D5510AF6-E27F-4665-A685-25904B863FE1}.Release|Any CPU.ActiveCfg = Release|Any CPU
		{D5510AF6-E27F-4665-A685-25904B863FE1}.Release|Any CPU.Build.0 = Release|Any CPU
	EndGlobalSection
	GlobalSection(SolutionProperties) = preSolution
		HideSolutionNode = FALSE
	EndGlobalSection
	GlobalSection(ExtensibilityGlobals) = postSolution
		SolutionGuid = {1BE7A00F-FEF7-4BA4-8753-B6B9DB2D121E}
	EndGlobalSection
EndGlobal
